
Microsoft Visual Studio Solution File, Format Version 12.00
# Visual Studio Version 17
VisualStudioVersion = 17.11.35312.102
MinimumVisualStudioVersion = 10.0.40219.1
Project("{FAE04EC0-301F-11D3-BF4B-00C04F79EFBC}") = "week_4", "week_4.csproj", "{5FD3DF5C-5B13-49A3-9FD2-85CFDF3C5575}"
EndProject
Global
	GlobalSection(SolutionConfigurationPlatforms) = preSolution
		Debug|Any CPU = Debug|Any CPU
		Release|Any CPU = Release|Any CPU
	EndGlobalSection
	GlobalSection(ProjectConfigurationPlatforms) = postSolution
		{5FD3DF5C-5B13-49A3-9FD2-85CFDF3C5575}.Debug|Any CPU.ActiveCfg = Debug|Any CPU
		{5FD3DF5C-5B13-49A3-9FD2-85CFDF3C5575}.Debug|Any CPU.Build.0 = Debug|Any CPU
		{5FD3DF5C-5B13-49A3-9FD2-85CFDF3C5575}.Release|Any CPU.ActiveCfg = Release|Any CPU
		{5FD3DF5C-5B13-49A3-9FD2-85CFDF3C5575}.Release|Any CPU.Build.0 = Release|Any CPU
	EndGlobalSection
	GlobalSection(SolutionProperties) = preSolution
		HideSolutionNode = FALSE
	EndGlobalSection
	GlobalSection(ExtensibilityGlobals) = postSolution
		SolutionGuid = {8D606527-C389-422A-B8FE-C977CE721D2B}
	EndGlobalSection
EndGlobal
